// !$*UTF8*$!
{
	archiveVersion = 1;
	classes = {
	};
	objectVersion = 46;
	objects = {

/* Begin PBXBuildFile section */
		C879AFEB1ED4AAF800C172AA /* AppDelegate.swift in Sources */ = {isa = PBXBuildFile; fileRef = C879AFEA1ED4AAF800C172AA /* AppDelegate.swift */; };
		C879AFED1ED4AAF800C172AA /* MainVC.swift in Sources */ = {isa = PBXBuildFile; fileRef = C879AFEC1ED4AAF800C172AA /* MainVC.swift */; };
		C879AFF01ED4AAF800C172AA /* Main.storyboard in Resources */ = {isa = PBXBuildFile; fileRef = C879AFEE1ED4AAF800C172AA /* Main.storyboard */; };
		C879AFF21ED4AAF800C172AA /* Assets.xcassets in Resources */ = {isa = PBXBuildFile; fileRef = C879AFF11ED4AAF800C172AA /* Assets.xcassets */; };
		C879AFF51ED4AAF800C172AA /* LaunchScreen.storyboard in Resources */ = {isa = PBXBuildFile; fileRef = C879AFF31ED4AAF800C172AA /* LaunchScreen.storyboard */; };
		C879B0001ED4AE8100C172AA /* CircularButton.swift in Sources */ = {isa = PBXBuildFile; fileRef = C879AFFF1ED4AE8100C172AA /* CircularButton.swift */; };
		C89978281ED5B0DB00A95044 /* test.m4a in Resources */ = {isa = PBXBuildFile; fileRef = C89978271ED5B0DB00A95044 /* test.m4a */; };
/* End PBXBuildFile section */

/* Begin PBXFileReference section */
		C879AFE71ED4AAF800C172AA /* Scribe.app */ = {isa = PBXFileReference; explicitFileType = wrapper.application; includeInIndex = 0; path = Scribe.app; sourceTree = BUILT_PRODUCTS_DIR; };
		C879AFEA1ED4AAF800C172AA /* AppDelegate.swift */ = {isa = PBXFileReference; lastKnownFileType = sourcecode.swift; path = AppDelegate.swift; sourceTree = "<group>"; };
		C879AFEC1ED4AAF800C172AA /* MainVC.swift */ = {isa = PBXFileReference; lastKnownFileType = sourcecode.swift; path = MainVC.swift; sourceTree = "<group>"; };
		C879AFEF1ED4AAF800C172AA /* Base */ = {isa = PBXFileReference; lastKnownFileType = file.storyboard; name = Base; path = Base.lproj/Main.storyboard; sourceTree = "<group>"; };
		C879AFF11ED4AAF800C172AA /* Assets.xcassets */ = {isa = PBXFileReference; lastKnownFileType = folder.assetcatalog; path = Assets.xcassets; sourceTree = "<group>"; };
		C879AFF41ED4AAF800C172AA /* Base */ = {isa = PBXFileReference; lastKnownFileType = file.storyboard; name = Base; path = Base.lproj/LaunchScreen.storyboard; sourceTree = "<group>"; };
		C879AFF61ED4AAF800C172AA /* Info.plist */ = {isa = PBXFileReference; lastKnownFileType = text.plist.xml; path = Info.plist; sourceTree = "<group>"; };
		C879AFFF1ED4AE8100C172AA /* CircularButton.swift */ = {isa = PBXFileReference; fileEncoding = 4; lastKnownFileType = sourcecode.swift; path = CircularButton.swift; sourceTree = "<group>"; };
		C89978271ED5B0DB00A95044 /* test.m4a */ = {isa = PBXFileReference; lastKnownFileType = file; path = test.m4a; sourceTree = "<group>"; };
/* End PBXFileReference section */

/* Begin PBXFrameworksBuildPhase section */
		C879AFE41ED4AAF800C172AA /* Frameworks */ = {
			isa = PBXFrameworksBuildPhase;
			buildActionMask = 2147483647;
			files = (
			);
			runOnlyForDeploymentPostprocessing = 0;
		};
/* End PBXFrameworksBuildPhase section */

/* Begin PBXGroup section */
		C879AFDE1ED4AAF700C172AA = {
			isa = PBXGroup;
			children = (
				C879AFE91ED4AAF800C172AA /* Scribe */,
				C879AFE81ED4AAF800C172AA /* Products */,
			);
			sourceTree = "<group>";
		};
		C879AFE81ED4AAF800C172AA /* Products */ = {
			isa = PBXGroup;
			children = (
				C879AFE71ED4AAF800C172AA /* Scribe.app */,
			);
			name = Products;
			sourceTree = "<group>";
		};
		C879AFE91ED4AAF800C172AA /* Scribe */ = {
			isa = PBXGroup;
			children = (
				C879AFEE1ED4AAF800C172AA /* Main.storyboard */,
				C879B0031ED4B40700C172AA /* Resources */,
				C879AFFC1ED4AE5400C172AA /* Model */,
				C879AFFD1ED4AE5A00C172AA /* View */,
				C879AFFE1ED4AE6000C172AA /* Controller */,
				C879AFEA1ED4AAF800C172AA /* AppDelegate.swift */,
				C879AFF11ED4AAF800C172AA /* Assets.xcassets */,
				C879AFF31ED4AAF800C172AA /* LaunchScreen.storyboard */,
				C879AFF61ED4AAF800C172AA /* Info.plist */,
			);
			path = Scribe;
			sourceTree = "<group>";
		};
		C879AFFC1ED4AE5400C172AA /* Model */ = {
			isa = PBXGroup;
			children = (
			);
			name = Model;
			sourceTree = "<group>";
		};
		C879AFFD1ED4AE5A00C172AA /* View */ = {
			isa = PBXGroup;
			children = (
				C879AFFF1ED4AE8100C172AA /* CircularButton.swift */,
			);
			name = View;
			sourceTree = "<group>";
		};
		C879AFFE1ED4AE6000C172AA /* Controller */ = {
			isa = PBXGroup;
			children = (
				C879AFEC1ED4AAF800C172AA /* MainVC.swift */,
			);
			name = Controller;
			sourceTree = "<group>";
		};
		C879B0031ED4B40700C172AA /* Resources */ = {
			isa = PBXGroup;
			children = (
				C89978271ED5B0DB00A95044 /* test.m4a */,
			);
			name = Resources;
			sourceTree = "<group>";
		};
/* End PBXGroup section */

/* Begin PBXNativeTarget section */
		C879AFE61ED4AAF800C172AA /* Scribe */ = {
			isa = PBXNativeTarget;
			buildConfigurationList = C879AFF91ED4AAF800C172AA /* Build configuration list for PBXNativeTarget "Scribe" */;
			buildPhases = (
				C879AFE31ED4AAF800C172AA /* Sources */,
				C879AFE41ED4AAF800C172AA /* Frameworks */,
				C879AFE51ED4AAF800C172AA /* Resources */,
			);
			buildRules = (
			);
			dependencies = (
			);
			name = Scribe;
			productName = Scribe;
			productReference = C879AFE71ED4AAF800C172AA /* Scribe.app */;
			productType = "com.apple.product-type.application";
		};
/* End PBXNativeTarget section */

/* Begin PBXProject section */
		C879AFDF1ED4AAF700C172AA /* Project object */ = {
			isa = PBXProject;
			attributes = {
				LastSwiftUpdateCheck = 0830;
				LastUpgradeCheck = 0830;
				ORGANIZATIONNAME = "Brennan Linse";
				TargetAttributes = {
					C879AFE61ED4AAF800C172AA = {
						CreatedOnToolsVersion = 8.3.2;
						DevelopmentTeam = RQEL5W6SA3;
						ProvisioningStyle = Automatic;
					};
				};
			};
			buildConfigurationList = C879AFE21ED4AAF700C172AA /* Build configuration list for PBXProject "Scribe" */;
			compatibilityVersion = "Xcode 3.2";
			developmentRegion = English;
			hasScannedForEncodings = 0;
			knownRegions = (
				en,
				Base,
			);
			mainGroup = C879AFDE1ED4AAF700C172AA;
			productRefGroup = C879AFE81ED4AAF800C172AA /* Products */;
			projectDirPath = "";
			projectRoot = "";
			targets = (
				C879AFE61ED4AAF800C172AA /* Scribe */,
			);
		};
/* End PBXProject section */

/* Begin PBXResourcesBuildPhase section */
		C879AFE51ED4AAF800C172AA /* Resources */ = {
			isa = PBXResourcesBuildPhase;
			buildActionMask = 2147483647;
			files = (
				C89978281ED5B0DB00A95044 /* test.m4a in Resources */,
				C879AFF51ED4AAF800C172AA /* LaunchScreen.storyboard in Resources */,
				C879AFF21ED4AAF800C172AA /* Assets.xcassets in Resources */,
				C879AFF01ED4AAF800C172AA /* Main.storyboard in Resources */,
			);
			runOnlyForDeploymentPostprocessing = 0;
		};
/* End PBXResourcesBuildPhase section */

/* Begin PBXSourcesBuildPhase section */
		C879AFE31ED4AAF800C172AA /* Sources */ = {
			isa = PBXSourcesBuildPhase;
			buildActionMask = 2147483647;
			files = (
				C879AFED1ED4AAF800C172AA /* MainVC.swift in Sources */,
				C879AFEB1ED4AAF800C172AA /* AppDelegate.swift in Sources */,
				C879B0001ED4AE8100C172AA /* CircularButton.swift in Sources */,
			);
			runOnlyForDeploymentPostprocessing = 0;
		};
/* End PBXSourcesBuildPhase section */

/* Begin PBXVariantGroup section */
		C879AFEE1ED4AAF800C172AA /* Main.storyboard */ = {
			isa = PBXVariantGroup;
			children = (
				C879AFEF1ED4AAF800C172AA /* Base */,
			);
			name = Main.storyboard;
			sourceTree = "<group>";
		};
		C879AFF31ED4AAF800C172AA /* LaunchScreen.storyboard */ = {
			isa = PBXVariantGroup;
			children = (
				C879AFF41ED4AAF800C172AA /* Base */,
			);
			name = LaunchScreen.storyboard;
			sourceTree = "<group>";
		};
/* End PBXVariantGroup section */

/* Begin XCBuildConfiguration section */
		C879AFF71ED4AAF800C172AA /* Debug */ = {
			isa = XCBuildConfiguration;
			buildSettings = {
				ALWAYS_SEARCH_USER_PATHS = NO;
				CLANG_ANALYZER_NONNULL = YES;
				CLANG_ANALYZER_NUMBER_OBJECT_CONVERSION = YES_AGGRESSIVE;
				CLANG_CXX_LANGUAGE_STANDARD = "gnu++0x";
				CLANG_CXX_LIBRARY = "libc++";
				CLANG_ENABLE_MODULES = YES;
				CLANG_ENABLE_OBJC_ARC = YES;
				CLANG_WARN_BOOL_CONVERSION = YES;
				CLANG_WARN_CONSTANT_CONVERSION = YES;
				CLANG_WARN_DIRECT_OBJC_ISA_USAGE = YES_ERROR;
				CLANG_WARN_DOCUMENTATION_COMMENTS = YES;
				CLANG_WARN_EMPTY_BODY = YES;
				CLANG_WARN_ENUM_CONVERSION = YES;
				CLANG_WARN_INFINITE_RECURSION = YES;
				CLANG_WARN_INT_CONVERSION = YES;
				CLANG_WARN_OBJC_ROOT_CLASS = YES_ERROR;
				CLANG_WARN_SUSPICIOUS_MOVE = YES;
				CLANG_WARN_UNREACHABLE_CODE = YES;
				CLANG_WARN__DUPLICATE_METHOD_MATCH = YES;
				"CODE_SIGN_IDENTITY[sdk=iphoneos*]" = "iPhone Developer";
				COPY_PHASE_STRIP = NO;
				DEBUG_INFORMATION_FORMAT = dwarf;
				ENABLE_STRICT_OBJC_MSGSEND = YES;
				ENABLE_TESTABILITY = YES;
				GCC_C_LANGUAGE_STANDARD = gnu99;
				GCC_DYNAMIC_NO_PIC = NO;
				GCC_NO_COMMON_BLOCKS = YES;
				GCC_OPTIMIZATION_LEVEL = 0;
				GCC_PREPROCESSOR_DEFINITIONS = (
					"DEBUG=1",
					"$(inherited)",
				);
				GCC_WARN_64_TO_32_BIT_CONVERSION = YES;
				GCC_WARN_ABOUT_RETURN_TYPE = YES_ERROR;
				GCC_WARN_UNDECLARED_SELECTOR = YES;
				GCC_WARN_UNINITIALIZED_AUTOS = YES_AGGRESSIVE;
				GCC_WARN_UNUSED_FUNCTION = YES;
				GCC_WARN_UNUSED_VARIABLE = YES;
				IPHONEOS_DEPLOYMENT_TARGET = 10.3;
				MTL_ENABLE_DEBUG_INFO = YES;
				ONLY_ACTIVE_ARCH = YES;
				SDKROOT = iphoneos;
				SWIFT_ACTIVE_COMPILATION_CONDITIONS = DEBUG;
				SWIFT_OPTIMIZATION_LEVEL = "-Onone";
				TARGETED_DEVICE_FAMILY = "1,2";
			};
			name = Debug;
		};
		C879AFF81ED4AAF800C172AA /* Release */ = {
			isa = XCBuildConfiguration;
			buildSettings = {
				ALWAYS_SEARCH_USER_PATHS = NO;
				CLANG_ANALYZER_NONNULL = YES;
				CLANG_ANALYZER_NUMBER_OBJECT_CONVERSION = YES_AGGRESSIVE;
				CLANG_CXX_LANGUAGE_STANDARD = "gnu++0x";
				CLANG_CXX_LIBRARY = "libc++";
				CLANG_ENABLE_MODULES = YES;
				CLANG_ENABLE_OBJC_ARC = YES;
				CLANG_WARN_BOOL_CONVERSION = YES;
				CLANG_WARN_CONSTANT_CONVERSION = YES;
				CLANG_WARN_DIRECT_OBJC_ISA_USAGE = YES_ERROR;
				CLANG_WARN_DOCUMENTATION_COMMENTS = YES;
				CLANG_WARN_EMPTY_BODY = YES;
				CLANG_WARN_ENUM_CONVERSION = YES;
				CLANG_WARN_INFINITE_RECURSION = YES;
				CLANG_WARN_INT_CONVERSION = YES;
				CLANG_WARN_OBJC_ROOT_CLASS = YES_ERROR;
				CLANG_WARN_SUSPICIOUS_MOVE = YES;
				CLANG_WARN_UNREACHABLE_CODE = YES;
				CLANG_WARN__DUPLICATE_METHOD_MATCH = YES;
				"CODE_SIGN_IDENTITY[sdk=iphoneos*]" = "iPhone Developer";
				COPY_PHASE_STRIP = NO;
				DEBUG_INFORMATION_FORMAT = "dwarf-with-dsym";
				ENABLE_NS_ASSERTIONS = NO;
				ENABLE_STRICT_OBJC_MSGSEND = YES;
				GCC_C_LANGUAGE_STANDARD = gnu99;
				GCC_NO_COMMON_BLOCKS = YES;
				GCC_WARN_64_TO_32_BIT_CONVERSION = YES;
				GCC_WARN_ABOUT_RETURN_TYPE = YES_ERROR;
				GCC_WARN_UNDECLARED_SELECTOR = YES;
				GCC_WARN_UNINITIALIZED_AUTOS = YES_AGGRESSIVE;
				GCC_WARN_UNUSED_FUNCTION = YES;
				GCC_WARN_UNUSED_VARIABLE = YES;
				IPHONEOS_DEPLOYMENT_TARGET = 10.3;
				MTL_ENABLE_DEBUG_INFO = NO;
				SDKROOT = iphoneos;
				SWIFT_OPTIMIZATION_LEVEL = "-Owholemodule";
				TARGETED_DEVICE_FAMILY = "1,2";
				VALIDATE_PRODUCT = YES;
			};
			name = Release;
		};
		C879AFFA1ED4AAF800C172AA /* Debug */ = {
			isa = XCBuildConfiguration;
			buildSettings = {
				ASSETCATALOG_COMPILER_APPICON_NAME = AppIcon;
				DEVELOPMENT_TEAM = RQEL5W6SA3;
				INFOPLIST_FILE = Scribe/Info.plist;
				LD_RUNPATH_SEARCH_PATHS = "$(inherited) @executable_path/Frameworks";
				PRODUCT_BUNDLE_IDENTIFIER = BrennanLinse.Scribe;
				PRODUCT_NAME = "$(TARGET_NAME)";
				SWIFT_VERSION = 3.0;
			};
			name = Debug;
		};
		C879AFFB1ED4AAF800C172AA /* Release */ = {
			isa = XCBuildConfiguration;
			buildSettings = {
				ASSETCATALOG_COMPILER_APPICON_NAME = AppIcon;
				DEVELOPMENT_TEAM = RQEL5W6SA3;
				INFOPLIST_FILE = Scribe/Info.plist;
				LD_RUNPATH_SEARCH_PATHS = "$(inherited) @executable_path/Frameworks";
				PRODUCT_BUNDLE_IDENTIFIER = BrennanLinse.Scribe;
				PRODUCT_NAME = "$(TARGET_NAME)";
				SWIFT_VERSION = 3.0;
			};
			name = Release;
		};
/* End XCBuildConfiguration section */

/* Begin XCConfigurationList section */
		C879AFE21ED4AAF700C172AA /* Build configuration list for PBXProject "Scribe" */ = {
			isa = XCConfigurationList;
			buildConfigurations = (
				C879AFF71ED4AAF800C172AA /* Debug */,
				C879AFF81ED4AAF800C172AA /* Release */,
			);
			defaultConfigurationIsVisible = 0;
			defaultConfigurationName = Release;
		};
		C879AFF91ED4AAF800C172AA /* Build configuration list for PBXNativeTarget "Scribe" */ = {
			isa = XCConfigurationList;
			buildConfigurations = (
				C879AFFA1ED4AAF800C172AA /* Debug */,
				C879AFFB1ED4AAF800C172AA /* Release */,
			);
			defaultConfigurationIsVisible = 0;
			defaultConfigurationName = Release;
		};
/* End XCConfigurationList section */
	};
	rootObject = C879AFDF1ED4AAF700C172AA /* Project object */;
}
